
Microsoft Visual Studio Solution File, Format Version 12.00
# Visual Studio Version 17
VisualStudioVersion = 17.7.34024.191
MinimumVisualStudioVersion = 10.0.40219.1
Project("{FAE04EC0-301F-11D3-BF4B-00C04F79EFBC}") = "FileUpload.MVC", "FileUpload.MVC\FileUpload.MVC.csproj", "{5132CE7F-E558-4910-A4DC-D0E18B630DA1}"
EndProject
Global
	GlobalSection(SolutionConfigurationPlatforms) = preSolution
		Debug|Any CPU = Debug|Any CPU
		Release|Any CPU = Release|Any CPU
	EndGlobalSection
	GlobalSection(ProjectConfigurationPlatforms) = postSolution
		{5132CE7F-E558-4910-A4DC-D0E18B630DA1}.Debug|Any CPU.ActiveCfg = Debug|Any CPU
		{5132CE7F-E558-4910-A4DC-D0E18B630DA1}.Debug|Any CPU.Build.0 = Debug|Any CPU
		{5132CE7F-E558-4910-A4DC-D0E18B630DA1}.Release|Any CPU.ActiveCfg = Release|Any CPU
		{5132CE7F-E558-4910-A4DC-D0E18B630DA1}.Release|Any CPU.Build.0 = Release|Any CPU
	EndGlobalSection
	GlobalSection(SolutionProperties) = preSolution
		HideSolutionNode = FALSE
	EndGlobalSection
	GlobalSection(ExtensibilityGlobals) = postSolution
		SolutionGuid = {45EA965A-BEF5-4E2D-BC11-43C80E102536}
	EndGlobalSection
EndGlobal
